
Microsoft Visual Studio Solution File, Format Version 12.00
# Visual Studio 15
Project("{FAE04EC0-301F-11D3-BF4B-00C04F79EFBC}") = "Assembly-CSharp", "Assembly-CSharp.csproj", "{C4EEB1D6-DEB9-4090-16E2-188CE4B8A427}"
EndProject
Project("{FAE04EC0-301F-11D3-BF4B-00C04F79EFBC}") = "Assembly-CSharp-Editor", "Assembly-CSharp-Editor.csproj", "{628778CD-E84D-675E-CF4B-C4C600D67483}"
EndProject
Global
	GlobalSection(SolutionConfigurationPlatforms) = preSolution
		Debug|Any CPU = Debug|Any CPU
		Release|Any CPU = Release|Any CPU
	EndGlobalSection
	GlobalSection(ProjectConfigurationPlatforms) = postSolution
		{C4EEB1D6-DEB9-4090-16E2-188CE4B8A427}.Debug|Any CPU.ActiveCfg = Debug|Any CPU
		{C4EEB1D6-DEB9-4090-16E2-188CE4B8A427}.Debug|Any CPU.Build.0 = Debug|Any CPU
		{C4EEB1D6-DEB9-4090-16E2-188CE4B8A427}.Release|Any CPU.ActiveCfg = Release|Any CPU
		{C4EEB1D6-DEB9-4090-16E2-188CE4B8A427}.Release|Any CPU.Build.0 = Release|Any CPU
		{628778CD-E84D-675E-CF4B-C4C600D67483}.Debug|Any CPU.ActiveCfg = Debug|Any CPU
		{628778CD-E84D-675E-CF4B-C4C600D67483}.Debug|Any CPU.Build.0 = Debug|Any CPU
		{628778CD-E84D-675E-CF4B-C4C600D67483}.Release|Any CPU.ActiveCfg = Release|Any CPU
		{628778CD-E84D-675E-CF4B-C4C600D67483}.Release|Any CPU.Build.0 = Release|Any CPU
	EndGlobalSection
	GlobalSection(SolutionProperties) = preSolution
		HideSolutionNode = FALSE
	EndGlobalSection
EndGlobal
