
Microsoft Visual Studio Solution File, Format Version 12.00
# Visual Studio 15
Project("{FAE04EC0-301F-11D3-BF4B-00C04F79EFBC}") = "Assembly-CSharp", "Assembly-CSharp.csproj", "{DE64C1ED-589A-CAD9-C00F-581F754D4823}"
EndProject
Project("{FAE04EC0-301F-11D3-BF4B-00C04F79EFBC}") = "Assembly-CSharp-Editor", "Assembly-CSharp-Editor.csproj", "{D0AFC414-8D3C-5A71-5008-104E9EF7CAD2}"
EndProject
Global
	GlobalSection(SolutionConfigurationPlatforms) = preSolution
		Debug|Any CPU = Debug|Any CPU
		Release|Any CPU = Release|Any CPU
	EndGlobalSection
	GlobalSection(ProjectConfigurationPlatforms) = postSolution
		{DE64C1ED-589A-CAD9-C00F-581F754D4823}.Debug|Any CPU.ActiveCfg = Debug|Any CPU
		{DE64C1ED-589A-CAD9-C00F-581F754D4823}.Debug|Any CPU.Build.0 = Debug|Any CPU
		{DE64C1ED-589A-CAD9-C00F-581F754D4823}.Release|Any CPU.ActiveCfg = Release|Any CPU
		{DE64C1ED-589A-CAD9-C00F-581F754D4823}.Release|Any CPU.Build.0 = Release|Any CPU
		{D0AFC414-8D3C-5A71-5008-104E9EF7CAD2}.Debug|Any CPU.ActiveCfg = Debug|Any CPU
		{D0AFC414-8D3C-5A71-5008-104E9EF7CAD2}.Debug|Any CPU.Build.0 = Debug|Any CPU
		{D0AFC414-8D3C-5A71-5008-104E9EF7CAD2}.Release|Any CPU.ActiveCfg = Release|Any CPU
		{D0AFC414-8D3C-5A71-5008-104E9EF7CAD2}.Release|Any CPU.Build.0 = Release|Any CPU
	EndGlobalSection
	GlobalSection(SolutionProperties) = preSolution
		HideSolutionNode = FALSE
	EndGlobalSection
EndGlobal
