
Microsoft Visual Studio Solution File, Format Version 12.00
# Visual Studio 15
Project("{FAE04EC0-301F-11D3-BF4B-00C04F79EFBC}") = "Assembly-CSharp", "Assembly-CSharp.csproj", "{70F7605F-588B-AAF8-B595-12FFBEE719BE}"
EndProject
Project("{FAE04EC0-301F-11D3-BF4B-00C04F79EFBC}") = "Assembly-CSharp-Editor", "Assembly-CSharp-Editor.csproj", "{E2D435B1-3320-B3F2-65EE-4D93E41F689E}"
EndProject
Global
	GlobalSection(SolutionConfigurationPlatforms) = preSolution
		Debug|Any CPU = Debug|Any CPU
		Release|Any CPU = Release|Any CPU
	EndGlobalSection
	GlobalSection(ProjectConfigurationPlatforms) = postSolution
		{70F7605F-588B-AAF8-B595-12FFBEE719BE}.Debug|Any CPU.ActiveCfg = Debug|Any CPU
		{70F7605F-588B-AAF8-B595-12FFBEE719BE}.Debug|Any CPU.Build.0 = Debug|Any CPU
		{70F7605F-588B-AAF8-B595-12FFBEE719BE}.Release|Any CPU.ActiveCfg = Release|Any CPU
		{70F7605F-588B-AAF8-B595-12FFBEE719BE}.Release|Any CPU.Build.0 = Release|Any CPU
		{E2D435B1-3320-B3F2-65EE-4D93E41F689E}.Debug|Any CPU.ActiveCfg = Debug|Any CPU
		{E2D435B1-3320-B3F2-65EE-4D93E41F689E}.Debug|Any CPU.Build.0 = Debug|Any CPU
		{E2D435B1-3320-B3F2-65EE-4D93E41F689E}.Release|Any CPU.ActiveCfg = Release|Any CPU
		{E2D435B1-3320-B3F2-65EE-4D93E41F689E}.Release|Any CPU.Build.0 = Release|Any CPU
	EndGlobalSection
	GlobalSection(SolutionProperties) = preSolution
		HideSolutionNode = FALSE
	EndGlobalSection
EndGlobal
